{
  "name": "automemo",
  "version": "0.0.0",
  "lockfileVersion": 2,
  "requires": true,
  "packages": {
    "": {
      "name": "automemo",
      "version": "0.0.0",
      "license": "Apache-2.0",
      "dependencies": {
        "libtuple": "^1.0.0",
        "libtuple-schema": "^0.0.0",
        "weakermap": "^0.0.11"
      }
    },
    "node_modules/libtuple": {
      "version": "1.0.0",
      "resolved": "https://registry.npmjs.org/libtuple/-/libtuple-1.0.0.tgz",
      "integrity": "sha512-NwhppKEMzA528BdkKJt/oHeouC4mNsRdsNdstzDQjMS3cFjl2CusRcTR+RomlwI2DfYyBI8+p31dIHvuCv9Yxw=="
    },
    "node_modules/libtuple-schema": {
      "version": "0.0.0",
      "resolved": "https://registry.npmjs.org/libtuple-schema/-/libtuple-schema-0.0.0.tgz",
      "integrity": "sha512-o0qYY4Pn/Qty3EtJI/EwnKegyKLgZNZE8OOnf8+RM51SnFQCxUNFYN6W001aWNMYauzlbI2Gt4Jw52nWIum14w==",
      "dependencies": {
        "libtuple": "^1.0.0"
      }
    },
    "node_modules/weakermap": {
      "version": "0.0.11",
      "resolved": "https://registry.npmjs.org/weakermap/-/weakermap-0.0.11.tgz",
      "integrity": "sha512-7G+QnfnKxHwmhQYvTpiy6pRfkdDdZ+DBg9r7Bj0Lcmb9AvH59xPYA2cersWehetGUTRumQVEQBsHqBnhvvjh0Q=="
    }
  },
  "dependencies": {
    "libtuple": {
      "version": "1.0.0",
      "resolved": "https://registry.npmjs.org/libtuple/-/libtuple-1.0.0.tgz",
      "integrity": "sha512-NwhppKEMzA528BdkKJt/oHeouC4mNsRdsNdstzDQjMS3cFjl2CusRcTR+RomlwI2DfYyBI8+p31dIHvuCv9Yxw=="
    },
    "libtuple-schema": {
      "version": "0.0.0",
      "resolved": "https://registry.npmjs.org/libtuple-schema/-/libtuple-schema-0.0.0.tgz",
      "integrity": "sha512-o0qYY4Pn/Qty3EtJI/EwnKegyKLgZNZE8OOnf8+RM51SnFQCxUNFYN6W001aWNMYauzlbI2Gt4Jw52nWIum14w==",
      "requires": {
        "libtuple": "^1.0.0"
      }
    },
    "weakermap": {
      "version": "0.0.11",
      "resolved": "https://registry.npmjs.org/weakermap/-/weakermap-0.0.11.tgz",
      "integrity": "sha512-7G+QnfnKxHwmhQYvTpiy6pRfkdDdZ+DBg9r7Bj0Lcmb9AvH59xPYA2cersWehetGUTRumQVEQBsHqBnhvvjh0Q=="
    }
  }
}
